// !$*UTF8*$!
{
	archiveVersion = 1;
	classes = {
	};
	objectVersion = 46;
	objects = {

/* Begin PBXBuildFile section */
		1AB2D31D1564A9D800F7C9B0 /* UIKit.framework in Frameworks */ = {isa = PBXBuildFile; fileRef = 1AB2D31C1564A9D800F7C9B0 /* UIKit.framework */; };
		1AB2D31E1564A9D800F7C9B0 /* Foundation.framework in Frameworks */ = {isa = PBXBuildFile; fileRef = 1AD08F1E156242E200977B78 /* Foundation.framework */; };
		1AB2D3201564A9D800F7C9B0 /* CoreGraphics.framework in Frameworks */ = {isa = PBXBuildFile; fileRef = 1AB2D31F1564A9D800F7C9B0 /* CoreGraphics.framework */; };
		1AB2D3261564A9D800F7C9B0 /* InfoPlist.strings in Resources */ = {isa = PBXBuildFile; fileRef = 1AB2D3241564A9D800F7C9B0 /* InfoPlist.strings */; };
		1AB2D3281564A9D800F7C9B0 /* main.m in Sources */ = {isa = PBXBuildFile; fileRef = 1AB2D3271564A9D800F7C9B0 /* main.m */; };
		1AB2D32C1564A9D800F7C9B0 /* AppDelegate.m in Sources */ = {isa = PBXBuildFile; fileRef = 1AB2D32B1564A9D800F7C9B0 /* AppDelegate.m */; };
		1AB2D32F1564A9D800F7C9B0 /* MainStoryboard.storyboard in Resources */ = {isa = PBXBuildFile; fileRef = 1AB2D32D1564A9D800F7C9B0 /* MainStoryboard.storyboard */; };
		1AB2D3321564A9D800F7C9B0 /* ViewController.m in Sources */ = {isa = PBXBuildFile; fileRef = 1AB2D3311564A9D800F7C9B0 /* ViewController.m */; };
		1AB2D3391564AAC100F7C9B0 /* DraggingTableViewController.m in Sources */ = {isa = PBXBuildFile; fileRef = 1AB2D3381564AAC100F7C9B0 /* DraggingTableViewController.m */; };
		1AB2D3421564C20C00F7C9B0 /* libJCMDragging.a in Frameworks */ = {isa = PBXBuildFile; fileRef = 1AD08F1B156242E200977B78 /* libJCMDragging.a */; };
		1AD08F1F156242E200977B78 /* Foundation.framework in Frameworks */ = {isa = PBXBuildFile; fileRef = 1AD08F1E156242E200977B78 /* Foundation.framework */; };
		1AD08F41156243C200977B78 /* JCMDragGestureRecognizer.h in Headers */ = {isa = PBXBuildFile; fileRef = 1AD08F3F156243C200977B78 /* JCMDragGestureRecognizer.h */; settings = {ATTRIBUTES = (Public, ); }; };
		1AD08F42156243C200977B78 /* JCMDragGestureRecognizer.m in Sources */ = {isa = PBXBuildFile; fileRef = 1AD08F40156243C200977B78 /* JCMDragGestureRecognizer.m */; };
		1AD08F4515624F1600977B78 /* UIResponder+JCMDragging.h in Headers */ = {isa = PBXBuildFile; fileRef = 1AD08F4315624F1600977B78 /* UIResponder+JCMDragging.h */; settings = {ATTRIBUTES = (Public, ); }; };
		1AD08F4615624F1600977B78 /* UIResponder+JCMDragging.m in Sources */ = {isa = PBXBuildFile; fileRef = 1AD08F4415624F1600977B78 /* UIResponder+JCMDragging.m */; };
		1AD08F4D156252FF00977B78 /* UIView+JCMDragging.h in Headers */ = {isa = PBXBuildFile; fileRef = 1AD08F4B156252FF00977B78 /* UIView+JCMDragging.h */; settings = {ATTRIBUTES = (Public, ); }; };
		1AD08F4E156252FF00977B78 /* UIView+JCMDragging.m in Sources */ = {isa = PBXBuildFile; fileRef = 1AD08F4C156252FF00977B78 /* UIView+JCMDragging.m */; };
		1AD08F511562535800977B78 /* UIPasteboard+JCMDragging.h in Headers */ = {isa = PBXBuildFile; fileRef = 1AD08F4F1562535700977B78 /* UIPasteboard+JCMDragging.h */; settings = {ATTRIBUTES = (Public, ); }; };
		1AD08F521562535800977B78 /* UIPasteboard+JCMDragging.m in Sources */ = {isa = PBXBuildFile; fileRef = 1AD08F501562535800977B78 /* UIPasteboard+JCMDragging.m */; };
		1AF291DB156292E9005A7AFA /* JCMDragging.h in Headers */ = {isa = PBXBuildFile; fileRef = 1AD08F23156242E200977B78 /* JCMDragging.h */; settings = {ATTRIBUTES = (Public, ); }; };
/* End PBXBuildFile section */

/* Begin PBXFileReference section */
		1AB2D31A1564A9D800F7C9B0 /* JCMDraggingExample.app */ = {isa = PBXFileReference; explicitFileType = wrapper.application; includeInIndex = 0; path = JCMDraggingExample.app; sourceTree = BUILT_PRODUCTS_DIR; };
		1AB2D31C1564A9D800F7C9B0 /* UIKit.framework */ = {isa = PBXFileReference; lastKnownFileType = wrapper.framework; name = UIKit.framework; path = System/Library/Frameworks/UIKit.framework; sourceTree = SDKROOT; };
		1AB2D31F1564A9D800F7C9B0 /* CoreGraphics.framework */ = {isa = PBXFileReference; lastKnownFileType = wrapper.framework; name = CoreGraphics.framework; path = System/Library/Frameworks/CoreGraphics.framework; sourceTree = SDKROOT; };
		1AB2D3231564A9D800F7C9B0 /* JCMDraggingExample-Info.plist */ = {isa = PBXFileReference; lastKnownFileType = text.plist.xml; path = "JCMDraggingExample-Info.plist"; sourceTree = "<group>"; };
		1AB2D3251564A9D800F7C9B0 /* en */ = {isa = PBXFileReference; lastKnownFileType = text.plist.strings; name = en; path = en.lproj/InfoPlist.strings; sourceTree = "<group>"; };
		1AB2D3271564A9D800F7C9B0 /* main.m */ = {isa = PBXFileReference; lastKnownFileType = sourcecode.c.objc; path = main.m; sourceTree = "<group>"; };
		1AB2D3291564A9D800F7C9B0 /* JCMDraggingExample-Prefix.pch */ = {isa = PBXFileReference; lastKnownFileType = sourcecode.c.h; path = "JCMDraggingExample-Prefix.pch"; sourceTree = "<group>"; };
		1AB2D32A1564A9D800F7C9B0 /* AppDelegate.h */ = {isa = PBXFileReference; lastKnownFileType = sourcecode.c.h; path = AppDelegate.h; sourceTree = "<group>"; };
		1AB2D32B1564A9D800F7C9B0 /* AppDelegate.m */ = {isa = PBXFileReference; lastKnownFileType = sourcecode.c.objc; path = AppDelegate.m; sourceTree = "<group>"; };
		1AB2D32E1564A9D800F7C9B0 /* en */ = {isa = PBXFileReference; lastKnownFileType = file.storyboard; name = en; path = en.lproj/MainStoryboard.storyboard; sourceTree = "<group>"; };
		1AB2D3301564A9D800F7C9B0 /* ViewController.h */ = {isa = PBXFileReference; lastKnownFileType = sourcecode.c.h; path = ViewController.h; sourceTree = "<group>"; };
		1AB2D3311564A9D800F7C9B0 /* ViewController.m */ = {isa = PBXFileReference; lastKnownFileType = sourcecode.c.objc; path = ViewController.m; sourceTree = "<group>"; };
		1AB2D3371564AAC100F7C9B0 /* DraggingTableViewController.h */ = {isa = PBXFileReference; fileEncoding = 4; lastKnownFileType = sourcecode.c.h; path = DraggingTableViewController.h; sourceTree = "<group>"; };
		1AB2D3381564AAC100F7C9B0 /* DraggingTableViewController.m */ = {isa = PBXFileReference; fileEncoding = 4; lastKnownFileType = sourcecode.c.objc; path = DraggingTableViewController.m; sourceTree = "<group>"; };
		1AD08F1B156242E200977B78 /* libJCMDragging.a */ = {isa = PBXFileReference; explicitFileType = archive.ar; includeInIndex = 0; path = libJCMDragging.a; sourceTree = BUILT_PRODUCTS_DIR; };
		1AD08F1E156242E200977B78 /* Foundation.framework */ = {isa = PBXFileReference; lastKnownFileType = wrapper.framework; name = Foundation.framework; path = System/Library/Frameworks/Foundation.framework; sourceTree = SDKROOT; };
		1AD08F22156242E200977B78 /* JCMDragging-Prefix.pch */ = {isa = PBXFileReference; lastKnownFileType = sourcecode.c.h; path = "JCMDragging-Prefix.pch"; sourceTree = "<group>"; };
		1AD08F23156242E200977B78 /* JCMDragging.h */ = {isa = PBXFileReference; lastKnownFileType = sourcecode.c.h; path = JCMDragging.h; sourceTree = "<group>"; };
		1AD08F3F156243C200977B78 /* JCMDragGestureRecognizer.h */ = {isa = PBXFileReference; fileEncoding = 4; lastKnownFileType = sourcecode.c.h; path = JCMDragGestureRecognizer.h; sourceTree = "<group>"; };
		1AD08F40156243C200977B78 /* JCMDragGestureRecognizer.m */ = {isa = PBXFileReference; fileEncoding = 4; lastKnownFileType = sourcecode.c.objc; path = JCMDragGestureRecognizer.m; sourceTree = "<group>"; };
		1AD08F4315624F1600977B78 /* UIResponder+JCMDragging.h */ = {isa = PBXFileReference; fileEncoding = 4; lastKnownFileType = sourcecode.c.h; path = "UIResponder+JCMDragging.h"; sourceTree = "<group>"; };
		1AD08F4415624F1600977B78 /* UIResponder+JCMDragging.m */ = {isa = PBXFileReference; fileEncoding = 4; lastKnownFileType = sourcecode.c.objc; path = "UIResponder+JCMDragging.m"; sourceTree = "<group>"; };
		1AD08F4B156252FF00977B78 /* UIView+JCMDragging.h */ = {isa = PBXFileReference; fileEncoding = 4; lastKnownFileType = sourcecode.c.h; path = "UIView+JCMDragging.h"; sourceTree = "<group>"; };
		1AD08F4C156252FF00977B78 /* UIView+JCMDragging.m */ = {isa = PBXFileReference; fileEncoding = 4; lastKnownFileType = sourcecode.c.objc; path = "UIView+JCMDragging.m"; sourceTree = "<group>"; };
		1AD08F4F1562535700977B78 /* UIPasteboard+JCMDragging.h */ = {isa = PBXFileReference; fileEncoding = 4; lastKnownFileType = sourcecode.c.h; path = "UIPasteboard+JCMDragging.h"; sourceTree = "<group>"; };
		1AD08F501562535800977B78 /* UIPasteboard+JCMDragging.m */ = {isa = PBXFileReference; fileEncoding = 4; lastKnownFileType = sourcecode.c.objc; path = "UIPasteboard+JCMDragging.m"; sourceTree = "<group>"; };
/* End PBXFileReference section */

/* Begin PBXFrameworksBuildPhase section */
		1AB2D3171564A9D800F7C9B0 /* Frameworks */ = {
			isa = PBXFrameworksBuildPhase;
			buildActionMask = 2147483647;
			files = (
				1AB2D3421564C20C00F7C9B0 /* libJCMDragging.a in Frameworks */,
				1AB2D31D1564A9D800F7C9B0 /* UIKit.framework in Frameworks */,
				1AB2D31E1564A9D800F7C9B0 /* Foundation.framework in Frameworks */,
				1AB2D3201564A9D800F7C9B0 /* CoreGraphics.framework in Frameworks */,
			);
			runOnlyForDeploymentPostprocessing = 0;
		};
		1AD08F18156242E200977B78 /* Frameworks */ = {
			isa = PBXFrameworksBuildPhase;
			buildActionMask = 2147483647;
			files = (
				1AD08F1F156242E200977B78 /* Foundation.framework in Frameworks */,
			);
			runOnlyForDeploymentPostprocessing = 0;
		};
/* End PBXFrameworksBuildPhase section */

/* Begin PBXGroup section */
		1AB2D3211564A9D800F7C9B0 /* JCMDraggingExample */ = {
			isa = PBXGroup;
			children = (
				1AB2D32A1564A9D800F7C9B0 /* AppDelegate.h */,
				1AB2D32B1564A9D800F7C9B0 /* AppDelegate.m */,
				1AB2D32D1564A9D800F7C9B0 /* MainStoryboard.storyboard */,
				1AB2D3301564A9D800F7C9B0 /* ViewController.h */,
				1AB2D3311564A9D800F7C9B0 /* ViewController.m */,
				1AB2D3371564AAC100F7C9B0 /* DraggingTableViewController.h */,
				1AB2D3381564AAC100F7C9B0 /* DraggingTableViewController.m */,
				1AB2D3221564A9D800F7C9B0 /* Supporting Files */,
			);
			path = JCMDraggingExample;
			sourceTree = "<group>";
		};
		1AB2D3221564A9D800F7C9B0 /* Supporting Files */ = {
			isa = PBXGroup;
			children = (
				1AB2D3231564A9D800F7C9B0 /* JCMDraggingExample-Info.plist */,
				1AB2D3241564A9D800F7C9B0 /* InfoPlist.strings */,
				1AB2D3271564A9D800F7C9B0 /* main.m */,
				1AB2D3291564A9D800F7C9B0 /* JCMDraggingExample-Prefix.pch */,
			);
			name = "Supporting Files";
			sourceTree = "<group>";
		};
		1AD08F10156242E200977B78 = {
			isa = PBXGroup;
			children = (
				1AD08F20156242E200977B78 /* JCMDragging */,
				1AB2D3211564A9D800F7C9B0 /* JCMDraggingExample */,
				1AD08F1D156242E200977B78 /* Frameworks */,
				1AD08F1C156242E200977B78 /* Products */,
			);
			sourceTree = "<group>";
		};
		1AD08F1C156242E200977B78 /* Products */ = {
			isa = PBXGroup;
			children = (
				1AD08F1B156242E200977B78 /* libJCMDragging.a */,
				1AB2D31A1564A9D800F7C9B0 /* JCMDraggingExample.app */,
			);
			name = Products;
			sourceTree = "<group>";
		};
		1AD08F1D156242E200977B78 /* Frameworks */ = {
			isa = PBXGroup;
			children = (
				1AD08F1E156242E200977B78 /* Foundation.framework */,
				1AB2D31C1564A9D800F7C9B0 /* UIKit.framework */,
				1AB2D31F1564A9D800F7C9B0 /* CoreGraphics.framework */,
			);
			name = Frameworks;
			sourceTree = "<group>";
		};
		1AD08F20156242E200977B78 /* JCMDragging */ = {
			isa = PBXGroup;
			children = (
				1AD08F23156242E200977B78 /* JCMDragging.h */,
				1AD08F3F156243C200977B78 /* JCMDragGestureRecognizer.h */,
				1AD08F40156243C200977B78 /* JCMDragGestureRecognizer.m */,
				1AD08F4315624F1600977B78 /* UIResponder+JCMDragging.h */,
				1AD08F4415624F1600977B78 /* UIResponder+JCMDragging.m */,
				1AD08F4B156252FF00977B78 /* UIView+JCMDragging.h */,
				1AD08F4C156252FF00977B78 /* UIView+JCMDragging.m */,
				1AD08F4F1562535700977B78 /* UIPasteboard+JCMDragging.h */,
				1AD08F501562535800977B78 /* UIPasteboard+JCMDragging.m */,
				1AD08F21156242E200977B78 /* Supporting Files */,
			);
			path = JCMDragging;
			sourceTree = "<group>";
		};
		1AD08F21156242E200977B78 /* Supporting Files */ = {
			isa = PBXGroup;
			children = (
				1AD08F22156242E200977B78 /* JCMDragging-Prefix.pch */,
			);
			name = "Supporting Files";
			sourceTree = "<group>";
		};
/* End PBXGroup section */

/* Begin PBXHeadersBuildPhase section */
		1AD08F19156242E200977B78 /* Headers */ = {
			isa = PBXHeadersBuildPhase;
			buildActionMask = 2147483647;
			files = (
				1AF291DB156292E9005A7AFA /* JCMDragging.h in Headers */,
				1AD08F41156243C200977B78 /* JCMDragGestureRecognizer.h in Headers */,
				1AD08F4515624F1600977B78 /* UIResponder+JCMDragging.h in Headers */,
				1AD08F4D156252FF00977B78 /* UIView+JCMDragging.h in Headers */,
				1AD08F511562535800977B78 /* UIPasteboard+JCMDragging.h in Headers */,
			);
			runOnlyForDeploymentPostprocessing = 0;
		};
/* End PBXHeadersBuildPhase section */

/* Begin PBXNativeTarget section */
		1AB2D3191564A9D800F7C9B0 /* JCMDraggingExample */ = {
			isa = PBXNativeTarget;
			buildConfigurationList = 1AB2D3351564A9D800F7C9B0 /* Build configuration list for PBXNativeTarget "JCMDraggingExample" */;
			buildPhases = (
				1AB2D3161564A9D800F7C9B0 /* Sources */,
				1AB2D3171564A9D800F7C9B0 /* Frameworks */,
				1AB2D3181564A9D800F7C9B0 /* Resources */,
			);
			buildRules = (
			);
			dependencies = (
			);
			name = JCMDraggingExample;
			productName = JCMDraggingExample;
			productReference = 1AB2D31A1564A9D800F7C9B0 /* JCMDraggingExample.app */;
			productType = "com.apple.product-type.application";
		};
		1AD08F1A156242E200977B78 /* JCMDragging */ = {
			isa = PBXNativeTarget;
			buildConfigurationList = 1AD08F28156242E200977B78 /* Build configuration list for PBXNativeTarget "JCMDragging" */;
			buildPhases = (
				1AD08F17156242E200977B78 /* Sources */,
				1AD08F18156242E200977B78 /* Frameworks */,
				1AD08F19156242E200977B78 /* Headers */,
			);
			buildRules = (
			);
			dependencies = (
			);
			name = JCMDragging;
			productName = JCMDragging;
			productReference = 1AD08F1B156242E200977B78 /* libJCMDragging.a */;
			productType = "com.apple.product-type.library.static";
		};
/* End PBXNativeTarget section */

/* Begin PBXProject section */
		1AD08F12156242E200977B78 /* Project object */ = {
			isa = PBXProject;
			attributes = {
				LastUpgradeCheck = 0430;
				ORGANIZATIONNAME = "James Moschou";
			};
			buildConfigurationList = 1AD08F15156242E200977B78 /* Build configuration list for PBXProject "JCMDragging" */;
			compatibilityVersion = "Xcode 3.2";
			developmentRegion = English;
			hasScannedForEncodings = 0;
			knownRegions = (
				en,
			);
			mainGroup = 1AD08F10156242E200977B78;
			productRefGroup = 1AD08F1C156242E200977B78 /* Products */;
			projectDirPath = "";
			projectRoot = "";
			targets = (
				1AD08F1A156242E200977B78 /* JCMDragging */,
				1AB2D3191564A9D800F7C9B0 /* JCMDraggingExample */,
			);
		};
/* End PBXProject section */

/* Begin PBXResourcesBuildPhase section */
		1AB2D3181564A9D800F7C9B0 /* Resources */ = {
			isa = PBXResourcesBuildPhase;
			buildActionMask = 2147483647;
			files = (
				1AB2D3261564A9D800F7C9B0 /* InfoPlist.strings in Resources */,
				1AB2D32F1564A9D800F7C9B0 /* MainStoryboard.storyboard in Resources */,
			);
			runOnlyForDeploymentPostprocessing = 0;
		};
/* End PBXResourcesBuildPhase section */

/* Begin PBXSourcesBuildPhase section */
		1AB2D3161564A9D800F7C9B0 /* Sources */ = {
			isa = PBXSourcesBuildPhase;
			buildActionMask = 2147483647;
			files = (
				1AB2D3281564A9D800F7C9B0 /* main.m in Sources */,
				1AB2D32C1564A9D800F7C9B0 /* AppDelegate.m in Sources */,
				1AB2D3321564A9D800F7C9B0 /* ViewController.m in Sources */,
				1AB2D3391564AAC100F7C9B0 /* DraggingTableViewController.m in Sources */,
			);
			runOnlyForDeploymentPostprocessing = 0;
		};
		1AD08F17156242E200977B78 /* Sources */ = {
			isa = PBXSourcesBuildPhase;
			buildActionMask = 2147483647;
			files = (
				1AD08F42156243C200977B78 /* JCMDragGestureRecognizer.m in Sources */,
				1AD08F4615624F1600977B78 /* UIResponder+JCMDragging.m in Sources */,
				1AD08F4E156252FF00977B78 /* UIView+JCMDragging.m in Sources */,
				1AD08F521562535800977B78 /* UIPasteboard+JCMDragging.m in Sources */,
			);
			runOnlyForDeploymentPostprocessing = 0;
		};
/* End PBXSourcesBuildPhase section */

/* Begin PBXVariantGroup section */
		1AB2D3241564A9D800F7C9B0 /* InfoPlist.strings */ = {
			isa = PBXVariantGroup;
			children = (
				1AB2D3251564A9D800F7C9B0 /* en */,
			);
			name = InfoPlist.strings;
			sourceTree = "<group>";
		};
		1AB2D32D1564A9D800F7C9B0 /* MainStoryboard.storyboard */ = {
			isa = PBXVariantGroup;
			children = (
				1AB2D32E1564A9D800F7C9B0 /* en */,
			);
			name = MainStoryboard.storyboard;
			sourceTree = "<group>";
		};
/* End PBXVariantGroup section */

/* Begin XCBuildConfiguration section */
		1AB2D3331564A9D800F7C9B0 /* Debug */ = {
			isa = XCBuildConfiguration;
			buildSettings = {
				"CODE_SIGN_IDENTITY[sdk=iphoneos*]" = "iPhone Developer";
				GCC_PRECOMPILE_PREFIX_HEADER = YES;
				GCC_PREFIX_HEADER = "JCMDraggingExample/JCMDraggingExample-Prefix.pch";
				INFOPLIST_FILE = "JCMDraggingExample/JCMDraggingExample-Info.plist";
				"OTHER_LDFLAGS[arch=*]" = "-ObjC";
				PRELINK_LIBS = "-ObjC";
				PRODUCT_NAME = "$(TARGET_NAME)";
				TARGETED_DEVICE_FAMILY = 2;
				WRAPPER_EXTENSION = app;
			};
			name = Debug;
		};
		1AB2D3341564A9D800F7C9B0 /* Release */ = {
			isa = XCBuildConfiguration;
			buildSettings = {
				"CODE_SIGN_IDENTITY[sdk=iphoneos*]" = "iPhone Developer";
				GCC_PRECOMPILE_PREFIX_HEADER = YES;
				GCC_PREFIX_HEADER = "JCMDraggingExample/JCMDraggingExample-Prefix.pch";
				INFOPLIST_FILE = "JCMDraggingExample/JCMDraggingExample-Info.plist";
				OTHER_CFLAGS = "-DNS_BLOCK_ASSERTIONS=1";
				OTHER_LDFLAGS = "-ObjC";
				"OTHER_LDFLAGS[arch=*]" = "-ObjC";
				PRELINK_LIBS = "-ObjC";
				PRODUCT_NAME = "$(TARGET_NAME)";
				TARGETED_DEVICE_FAMILY = 2;
				WRAPPER_EXTENSION = app;
			};
			name = Release;
		};
		1AD08F26156242E200977B78 /* Debug */ = {
			isa = XCBuildConfiguration;
			buildSettings = {
				ALWAYS_SEARCH_USER_PATHS = NO;
				ARCHS = "$(ARCHS_STANDARD_32_BIT)";
				CLANG_ENABLE_OBJC_ARC = YES;
				COPY_PHASE_STRIP = NO;
				GCC_C_LANGUAGE_STANDARD = gnu99;
				GCC_DYNAMIC_NO_PIC = NO;
				GCC_OPTIMIZATION_LEVEL = 0;
				GCC_PREPROCESSOR_DEFINITIONS = (
					"DEBUG=1",
					"$(inherited)",
				);
				GCC_SYMBOLS_PRIVATE_EXTERN = NO;
				GCC_VERSION = com.apple.compilers.llvm.clang.1_0;
				GCC_WARN_ABOUT_RETURN_TYPE = YES;
				GCC_WARN_UNINITIALIZED_AUTOS = YES;
				GCC_WARN_UNUSED_VARIABLE = YES;
				IPHONEOS_DEPLOYMENT_TARGET = 5.1;
				SDKROOT = iphoneos;
			};
			name = Debug;
		};
		1AD08F27156242E200977B78 /* Release */ = {
			isa = XCBuildConfiguration;
			buildSettings = {
				ALWAYS_SEARCH_USER_PATHS = NO;
				ARCHS = "$(ARCHS_STANDARD_32_BIT)";
				CLANG_ENABLE_OBJC_ARC = YES;
				COPY_PHASE_STRIP = YES;
				GCC_C_LANGUAGE_STANDARD = gnu99;
				GCC_VERSION = com.apple.compilers.llvm.clang.1_0;
				GCC_WARN_ABOUT_RETURN_TYPE = YES;
				GCC_WARN_UNINITIALIZED_AUTOS = YES;
				GCC_WARN_UNUSED_VARIABLE = YES;
				IPHONEOS_DEPLOYMENT_TARGET = 5.1;
				SDKROOT = iphoneos;
				VALIDATE_PRODUCT = YES;
			};
			name = Release;
		};
		1AD08F29156242E200977B78 /* Debug */ = {
			isa = XCBuildConfiguration;
			buildSettings = {
				DSTROOT = /tmp/JCMDragging.dst;
				GCC_PRECOMPILE_PREFIX_HEADER = YES;
				GCC_PREFIX_HEADER = "JCMDragging/JCMDragging-Prefix.pch";
				OTHER_LDFLAGS = "-ObjC";
				PRODUCT_NAME = "$(TARGET_NAME)";
				SKIP_INSTALL = YES;
			};
			name = Debug;
		};
		1AD08F2A156242E200977B78 /* Release */ = {
			isa = XCBuildConfiguration;
			buildSettings = {
				DSTROOT = /tmp/JCMDragging.dst;
				GCC_PRECOMPILE_PREFIX_HEADER = YES;
				GCC_PREFIX_HEADER = "JCMDragging/JCMDragging-Prefix.pch";
				OTHER_LDFLAGS = "-ObjC";
				PRODUCT_NAME = "$(TARGET_NAME)";
				SKIP_INSTALL = YES;
			};
			name = Release;
		};
/* End XCBuildConfiguration section */

/* Begin XCConfigurationList section */
		1AB2D3351564A9D800F7C9B0 /* Build configuration list for PBXNativeTarget "JCMDraggingExample" */ = {
			isa = XCConfigurationList;
			buildConfigurations = (
				1AB2D3331564A9D800F7C9B0 /* Debug */,
				1AB2D3341564A9D800F7C9B0 /* Release */,
			);
			defaultConfigurationIsVisible = 0;
		};
		1AD08F15156242E200977B78 /* Build configuration list for PBXProject "JCMDragging" */ = {
			isa = XCConfigurationList;
			buildConfigurations = (
				1AD08F26156242E200977B78 /* Debug */,
				1AD08F27156242E200977B78 /* Release */,
			);
			defaultConfigurationIsVisible = 0;
			defaultConfigurationName = Release;
		};
		1AD08F28156242E200977B78 /* Build configuration list for PBXNativeTarget "JCMDragging" */ = {
			isa = XCConfigurationList;
			buildConfigurations = (
				1AD08F29156242E200977B78 /* Debug */,
				1AD08F2A156242E200977B78 /* Release */,
			);
			defaultConfigurationIsVisible = 0;
			defaultConfigurationName = Release;
		};
/* End XCConfigurationList section */
	};
	rootObject = 1AD08F12156242E200977B78 /* Project object */;
}
